
Microsoft Visual Studio Solution File, Format Version 12.00
# Visual Studio Version 16
VisualStudioVersion = 16.0.32929.386
MinimumVisualStudioVersion = 10.0.40219.1
Project("{FAE04EC0-301F-11D3-BF4B-00C04F79EFBC}") = "Shulte.Android", "Shulte\Shulte.Android\Shulte.Android.csproj", "{E272E106-828E-452A-B4F9-815C6AD3291C}"
EndProject
Project("{FAE04EC0-301F-11D3-BF4B-00C04F79EFBC}") = "Shulte.iOS", "Shulte\Shulte.iOS\Shulte.iOS.csproj", "{C24E6AC3-5B8E-4F3B-834E-99676EE71A70}"
EndProject
Project("{FAE04EC0-301F-11D3-BF4B-00C04F79EFBC}") = "Shulte", "Shulte\Shulte\Shulte.csproj", "{129F5EFD-16E3-4DC6-843C-0126F9701498}"
EndProject
Global
	GlobalSection(SolutionConfigurationPlatforms) = preSolution
		Debug|Any CPU = Debug|Any CPU
		Debug|iPhone = Debug|iPhone
		Debug|iPhoneSimulator = Debug|iPhoneSimulator
		Release|Any CPU = Release|Any CPU
		Release|iPhone = Release|iPhone
		Release|iPhoneSimulator = Release|iPhoneSimulator
	EndGlobalSection
	GlobalSection(ProjectConfigurationPlatforms) = postSolution
		{E272E106-828E-452A-B4F9-815C6AD3291C}.Debug|Any CPU.ActiveCfg = Debug|Any CPU
		{E272E106-828E-452A-B4F9-815C6AD3291C}.Debug|Any CPU.Build.0 = Debug|Any CPU
		{E272E106-828E-452A-B4F9-815C6AD3291C}.Debug|Any CPU.Deploy.0 = Debug|Any CPU
		{E272E106-828E-452A-B4F9-815C6AD3291C}.Debug|iPhone.ActiveCfg = Debug|Any CPU
		{E272E106-828E-452A-B4F9-815C6AD3291C}.Debug|iPhone.Build.0 = Debug|Any CPU
		{E272E106-828E-452A-B4F9-815C6AD3291C}.Debug|iPhone.Deploy.0 = Debug|Any CPU
		{E272E106-828E-452A-B4F9-815C6AD3291C}.Debug|iPhoneSimulator.ActiveCfg = Debug|Any CPU
		{E272E106-828E-452A-B4F9-815C6AD3291C}.Debug|iPhoneSimulator.Build.0 = Debug|Any CPU
		{E272E106-828E-452A-B4F9-815C6AD3291C}.Debug|iPhoneSimulator.Deploy.0 = Debug|Any CPU
		{E272E106-828E-452A-B4F9-815C6AD3291C}.Release|Any CPU.ActiveCfg = Release|Any CPU
		{E272E106-828E-452A-B4F9-815C6AD3291C}.Release|Any CPU.Build.0 = Release|Any CPU
		{E272E106-828E-452A-B4F9-815C6AD3291C}.Release|Any CPU.Deploy.0 = Release|Any CPU
		{E272E106-828E-452A-B4F9-815C6AD3291C}.Release|iPhone.ActiveCfg = Release|Any CPU
		{E272E106-828E-452A-B4F9-815C6AD3291C}.Release|iPhone.Build.0 = Release|Any CPU
		{E272E106-828E-452A-B4F9-815C6AD3291C}.Release|iPhone.Deploy.0 = Release|Any CPU
		{E272E106-828E-452A-B4F9-815C6AD3291C}.Release|iPhoneSimulator.ActiveCfg = Release|Any CPU
		{E272E106-828E-452A-B4F9-815C6AD3291C}.Release|iPhoneSimulator.Build.0 = Release|Any CPU
		{E272E106-828E-452A-B4F9-815C6AD3291C}.Release|iPhoneSimulator.Deploy.0 = Release|Any CPU
		{C24E6AC3-5B8E-4F3B-834E-99676EE71A70}.Debug|Any CPU.ActiveCfg = Debug|iPhone
		{C24E6AC3-5B8E-4F3B-834E-99676EE71A70}.Debug|Any CPU.Build.0 = Debug|iPhone
		{C24E6AC3-5B8E-4F3B-834E-99676EE71A70}.Debug|Any CPU.Deploy.0 = Debug|iPhone
		{C24E6AC3-5B8E-4F3B-834E-99676EE71A70}.Debug|iPhone.ActiveCfg = Debug|iPhone
		{C24E6AC3-5B8E-4F3B-834E-99676EE71A70}.Debug|iPhone.Build.0 = Debug|iPhone
		{C24E6AC3-5B8E-4F3B-834E-99676EE71A70}.Debug|iPhone.Deploy.0 = Debug|iPhone
		{C24E6AC3-5B8E-4F3B-834E-99676EE71A70}.Debug|iPhoneSimulator.ActiveCfg = Debug|iPhoneSimulator
		{C24E6AC3-5B8E-4F3B-834E-99676EE71A70}.Debug|iPhoneSimulator.Build.0 = Debug|iPhoneSimulator
		{C24E6AC3-5B8E-4F3B-834E-99676EE71A70}.Debug|iPhoneSimulator.Deploy.0 = Debug|iPhoneSimulator
		{C24E6AC3-5B8E-4F3B-834E-99676EE71A70}.Release|Any CPU.ActiveCfg = Release|iPhoneSimulator
		{C24E6AC3-5B8E-4F3B-834E-99676EE71A70}.Release|Any CPU.Build.0 = Release|iPhoneSimulator
		{C24E6AC3-5B8E-4F3B-834E-99676EE71A70}.Release|Any CPU.Deploy.0 = Release|iPhoneSimulator
		{C24E6AC3-5B8E-4F3B-834E-99676EE71A70}.Release|iPhone.ActiveCfg = Release|iPhone
		{C24E6AC3-5B8E-4F3B-834E-99676EE71A70}.Release|iPhone.Build.0 = Release|iPhone
		{C24E6AC3-5B8E-4F3B-834E-99676EE71A70}.Release|iPhone.Deploy.0 = Release|iPhone
		{C24E6AC3-5B8E-4F3B-834E-99676EE71A70}.Release|iPhoneSimulator.ActiveCfg = Release|iPhoneSimulator
		{C24E6AC3-5B8E-4F3B-834E-99676EE71A70}.Release|iPhoneSimulator.Build.0 = Release|iPhoneSimulator
		{C24E6AC3-5B8E-4F3B-834E-99676EE71A70}.Release|iPhoneSimulator.Deploy.0 = Release|iPhoneSimulator
		{129F5EFD-16E3-4DC6-843C-0126F9701498}.Debug|Any CPU.ActiveCfg = Debug|Any CPU
		{129F5EFD-16E3-4DC6-843C-0126F9701498}.Debug|Any CPU.Build.0 = Debug|Any CPU
		{129F5EFD-16E3-4DC6-843C-0126F9701498}.Debug|Any CPU.Deploy.0 = Debug|Any CPU
		{129F5EFD-16E3-4DC6-843C-0126F9701498}.Debug|iPhone.ActiveCfg = Debug|Any CPU
		{129F5EFD-16E3-4DC6-843C-0126F9701498}.Debug|iPhone.Build.0 = Debug|Any CPU
		{129F5EFD-16E3-4DC6-843C-0126F9701498}.Debug|iPhone.Deploy.0 = Debug|Any CPU
		{129F5EFD-16E3-4DC6-843C-0126F9701498}.Debug|iPhoneSimulator.ActiveCfg = Debug|Any CPU
		{129F5EFD-16E3-4DC6-843C-0126F9701498}.Debug|iPhoneSimulator.Build.0 = Debug|Any CPU
		{129F5EFD-16E3-4DC6-843C-0126F9701498}.Debug|iPhoneSimulator.Deploy.0 = Debug|Any CPU
		{129F5EFD-16E3-4DC6-843C-0126F9701498}.Release|Any CPU.ActiveCfg = Release|Any CPU
		{129F5EFD-16E3-4DC6-843C-0126F9701498}.Release|Any CPU.Build.0 = Release|Any CPU
		{129F5EFD-16E3-4DC6-843C-0126F9701498}.Release|Any CPU.Deploy.0 = Release|Any CPU
		{129F5EFD-16E3-4DC6-843C-0126F9701498}.Release|iPhone.ActiveCfg = Release|Any CPU
		{129F5EFD-16E3-4DC6-843C-0126F9701498}.Release|iPhone.Build.0 = Release|Any CPU
		{129F5EFD-16E3-4DC6-843C-0126F9701498}.Release|iPhone.Deploy.0 = Release|Any CPU
		{129F5EFD-16E3-4DC6-843C-0126F9701498}.Release|iPhoneSimulator.ActiveCfg = Release|Any CPU
		{129F5EFD-16E3-4DC6-843C-0126F9701498}.Release|iPhoneSimulator.Build.0 = Release|Any CPU
		{129F5EFD-16E3-4DC6-843C-0126F9701498}.Release|iPhoneSimulator.Deploy.0 = Release|Any CPU
	EndGlobalSection
	GlobalSection(SolutionProperties) = preSolution
		HideSolutionNode = FALSE
	EndGlobalSection
	GlobalSection(ExtensibilityGlobals) = postSolution
		SolutionGuid = {58EB5658-AF1B-4EE1-8B91-EC9987D3D9F3}
	EndGlobalSection
EndGlobal
